Microsoft Visual Studio Solution File, Format Version 12.00
# Visual Studio 2012
Project("{FAE04EC0-301F-11D3-BF4B-00C04F79EFBC}") = "C# Pong", "C# Pong.csproj", "{EC70611D-C739-49B2-B623-3EB0C0BF09BE}"
EndProject
Global
	GlobalSection(SolutionConfigurationPlatforms) = preSolution
	Debug|Any CPU = Debug|Any CPU
	ExportDebug|Any CPU = ExportDebug|Any CPU
	ExportRelease|Any CPU = ExportRelease|Any CPU
	EndGlobalSection
	GlobalSection(ProjectConfigurationPlatforms) = postSolution
		{EC70611D-C739-49B2-B623-3EB0C0BF09BE}.Debug|Any CPU.ActiveCfg = Debug|Any CPU
		{EC70611D-C739-49B2-B623-3EB0C0BF09BE}.Debug|Any CPU.Build.0 = Debug|Any CPU
		{EC70611D-C739-49B2-B623-3EB0C0BF09BE}.ExportDebug|Any CPU.ActiveCfg = ExportDebug|Any CPU
		{EC70611D-C739-49B2-B623-3EB0C0BF09BE}.ExportDebug|Any CPU.Build.0 = ExportDebug|Any CPU
		{EC70611D-C739-49B2-B623-3EB0C0BF09BE}.ExportRelease|Any CPU.ActiveCfg = ExportRelease|Any CPU
		{EC70611D-C739-49B2-B623-3EB0C0BF09BE}.ExportRelease|Any CPU.Build.0 = ExportRelease|Any CPU
	EndGlobalSection
EndGlobal
